
Microsoft Visual Studio Solution File, Format Version 12.00
# Visual Studio Version 16
VisualStudioVersion = 16.0.30621.155
MinimumVisualStudioVersion = 10.0.40219.1
Project("{FAE04EC0-301F-11D3-BF4B-00C04F79EFBC}") = "Driver.OpenRGB", "Driver.OpenRGB\Driver.OpenRGB.csproj", "{E26B5161-9C8A-491A-B7DF-D3D636494A7D}"
EndProject
Global
	GlobalSection(SolutionConfigurationPlatforms) = preSolution
		Debug|Any CPU = Debug|Any CPU
		Release|Any CPU = Release|Any CPU
	EndGlobalSection
	GlobalSection(ProjectConfigurationPlatforms) = postSolution
		{E26B5161-9C8A-491A-B7DF-D3D636494A7D}.Debug|Any CPU.ActiveCfg = Debug|Any CPU
		{E26B5161-9C8A-491A-B7DF-D3D636494A7D}.Debug|Any CPU.Build.0 = Debug|Any CPU
		{E26B5161-9C8A-491A-B7DF-D3D636494A7D}.Release|Any CPU.ActiveCfg = Release|Any CPU
		{E26B5161-9C8A-491A-B7DF-D3D636494A7D}.Release|Any CPU.Build.0 = Release|Any CPU
	EndGlobalSection
	GlobalSection(SolutionProperties) = preSolution
		HideSolutionNode = FALSE
	EndGlobalSection
	GlobalSection(ExtensibilityGlobals) = postSolution
		SolutionGuid = {765F168B-1460-41A8-9AA5-6EC8D60FAEAC}
	EndGlobalSection
EndGlobal
